
Microsoft Visual Studio Solution File, Format Version 12.00
# Visual Studio 14
VisualStudioVersion = 14.0.25420.1
MinimumVisualStudioVersion = 10.0.40219.1
Project("{8BC9CEB8-8B4A-11D0-8D11-00A0C91BC942}") = "pyserver", "pyserver\pyserver.vcxproj", "{AAD3736A-6C07-457C-9953-E3A0BAB8C9B2}"
EndProject
Project("{8BC9CEB8-8B4A-11D0-8D11-00A0C91BC942}") = "reqrep_device", "reqrep_device\reqrep_device.vcxproj", "{E2A4CDC2-3138-4D01-8230-FB263D5E7028}"
EndProject
Project("{8BC9CEB8-8B4A-11D0-8D11-00A0C91BC942}") = "worker", "worker\worker.vcxproj", "{61288B32-7852-4155-A24B-27F0F8385F7B}"
EndProject
Global
	GlobalSection(SolutionConfigurationPlatforms) = preSolution
		Debug|x64 = Debug|x64
		Debug|x86 = Debug|x86
		Release|x64 = Release|x64
		Release|x86 = Release|x86
	EndGlobalSection
	GlobalSection(ProjectConfigurationPlatforms) = postSolution
		{AAD3736A-6C07-457C-9953-E3A0BAB8C9B2}.Debug|x64.ActiveCfg = Debug|x64
		{AAD3736A-6C07-457C-9953-E3A0BAB8C9B2}.Debug|x64.Build.0 = Debug|x64
		{AAD3736A-6C07-457C-9953-E3A0BAB8C9B2}.Debug|x86.ActiveCfg = Debug|Win32
		{AAD3736A-6C07-457C-9953-E3A0BAB8C9B2}.Debug|x86.Build.0 = Debug|Win32
		{AAD3736A-6C07-457C-9953-E3A0BAB8C9B2}.Release|x64.ActiveCfg = Release|x64
		{AAD3736A-6C07-457C-9953-E3A0BAB8C9B2}.Release|x64.Build.0 = Release|x64
		{AAD3736A-6C07-457C-9953-E3A0BAB8C9B2}.Release|x86.ActiveCfg = Release|Win32
		{AAD3736A-6C07-457C-9953-E3A0BAB8C9B2}.Release|x86.Build.0 = Release|Win32
		{E2A4CDC2-3138-4D01-8230-FB263D5E7028}.Debug|x64.ActiveCfg = Debug|x64
		{E2A4CDC2-3138-4D01-8230-FB263D5E7028}.Debug|x64.Build.0 = Debug|x64
		{E2A4CDC2-3138-4D01-8230-FB263D5E7028}.Debug|x86.ActiveCfg = Debug|Win32
		{E2A4CDC2-3138-4D01-8230-FB263D5E7028}.Debug|x86.Build.0 = Debug|Win32
		{E2A4CDC2-3138-4D01-8230-FB263D5E7028}.Release|x64.ActiveCfg = Release|x64
		{E2A4CDC2-3138-4D01-8230-FB263D5E7028}.Release|x64.Build.0 = Release|x64
		{E2A4CDC2-3138-4D01-8230-FB263D5E7028}.Release|x86.ActiveCfg = Release|Win32
		{E2A4CDC2-3138-4D01-8230-FB263D5E7028}.Release|x86.Build.0 = Release|Win32
		{61288B32-7852-4155-A24B-27F0F8385F7B}.Debug|x64.ActiveCfg = Debug|x64
		{61288B32-7852-4155-A24B-27F0F8385F7B}.Debug|x64.Build.0 = Debug|x64
		{61288B32-7852-4155-A24B-27F0F8385F7B}.Debug|x86.ActiveCfg = Debug|Win32
		{61288B32-7852-4155-A24B-27F0F8385F7B}.Debug|x86.Build.0 = Debug|Win32
		{61288B32-7852-4155-A24B-27F0F8385F7B}.Release|x64.ActiveCfg = Release|x64
		{61288B32-7852-4155-A24B-27F0F8385F7B}.Release|x64.Build.0 = Release|x64
		{61288B32-7852-4155-A24B-27F0F8385F7B}.Release|x86.ActiveCfg = Release|Win32
		{61288B32-7852-4155-A24B-27F0F8385F7B}.Release|x86.Build.0 = Release|Win32
	EndGlobalSection
	GlobalSection(SolutionProperties) = preSolution
		HideSolutionNode = FALSE
	EndGlobalSection
EndGlobal
